
Microsoft Visual Studio Solution File, Format Version 12.00
# Visual Studio 15
VisualStudioVersion = 15.0.27004.2002
MinimumVisualStudioVersion = 10.0.40219.1
Project("{9A19103F-16F7-4668-BE54-9A1E7A4F7556}") = "Jack", "Jack\Jack.csproj", "{65319014-C024-4EF3-97A0-D8B48CC08347}"
EndProject
Project("{9A19103F-16F7-4668-BE54-9A1E7A4F7556}") = "Jack.LongPoll", "Jack.LongPoll\Jack.LongPoll.csproj", "{F1301799-732F-4615-AA90-E0CD156882BD}"
EndProject
Project("{9A19103F-16F7-4668-BE54-9A1E7A4F7556}") = "Jack.Models", "Jack.Models\Jack.Models.csproj", "{872C5C74-6D67-4EA4-A4FE-3D44BBEFB439}"
EndProject
Project("{9A19103F-16F7-4668-BE54-9A1E7A4F7556}") = "Jack.Enums", "Jack.Enums\Jack.Enums.csproj", "{345DF554-E69B-4C8A-AD7A-8C1D90F09E6C}"
EndProject
Project("{9A19103F-16F7-4668-BE54-9A1E7A4F7556}") = "Jack.Exception", "Jack.Exception\Jack.Exception.csproj", "{16151F5D-4C5F-430C-9FFB-390DC5F6A06D}"
EndProject
Project("{9A19103F-16F7-4668-BE54-9A1E7A4F7556}") = "Jack.Database", "Jack.Database\Jack.Database.csproj", "{DF1C57A7-ED00-4666-8058-1B34D68EDE9D}"
EndProject
Project("{9A19103F-16F7-4668-BE54-9A1E7A4F7556}") = "Jack.API", "Jack.API\Jack.API.csproj", "{869DD1A9-DFF4-4710-B668-E03582D906F3}"
EndProject
Project("{9A19103F-16F7-4668-BE54-9A1E7A4F7556}") = "Jack.Files", "Jack.Files\Jack.Files.csproj", "{BCD45063-7C12-4081-BED3-613AE1BA19E7}"
EndProject
Project("{9A19103F-16F7-4668-BE54-9A1E7A4F7556}") = "Jack.Yandex", "Jack.Yandex\Jack.Yandex.csproj", "{09531FA1-4CE3-4C13-B3FE-444742360B6C}"
EndProject
Project("{9A19103F-16F7-4668-BE54-9A1E7A4F7556}") = "Jack.Statistics", "Jack.Statistics\Jack.Statistics.csproj", "{A020D43A-7506-4BEB-BA46-D6CA831346B8}"
EndProject
Project("{FAE04EC0-301F-11D3-BF4B-00C04F79EFBC}") = "Jack.Common", "Jack.Common\Jack.Common.csproj", "{7B1C63B0-89F8-4266-8D6A-2D1CA65A5582}"
EndProject
Global
	GlobalSection(SolutionConfigurationPlatforms) = preSolution
		Debug|Any CPU = Debug|Any CPU
		Release|Any CPU = Release|Any CPU
	EndGlobalSection
	GlobalSection(ProjectConfigurationPlatforms) = postSolution
		{65319014-C024-4EF3-97A0-D8B48CC08347}.Debug|Any CPU.ActiveCfg = Debug|Any CPU
		{65319014-C024-4EF3-97A0-D8B48CC08347}.Debug|Any CPU.Build.0 = Debug|Any CPU
		{65319014-C024-4EF3-97A0-D8B48CC08347}.Release|Any CPU.ActiveCfg = Release|Any CPU
		{65319014-C024-4EF3-97A0-D8B48CC08347}.Release|Any CPU.Build.0 = Release|Any CPU
		{F1301799-732F-4615-AA90-E0CD156882BD}.Debug|Any CPU.ActiveCfg = Debug|Any CPU
		{F1301799-732F-4615-AA90-E0CD156882BD}.Debug|Any CPU.Build.0 = Debug|Any CPU
		{F1301799-732F-4615-AA90-E0CD156882BD}.Release|Any CPU.ActiveCfg = Release|Any CPU
		{F1301799-732F-4615-AA90-E0CD156882BD}.Release|Any CPU.Build.0 = Release|Any CPU
		{872C5C74-6D67-4EA4-A4FE-3D44BBEFB439}.Debug|Any CPU.ActiveCfg = Debug|Any CPU
		{872C5C74-6D67-4EA4-A4FE-3D44BBEFB439}.Debug|Any CPU.Build.0 = Debug|Any CPU
		{872C5C74-6D67-4EA4-A4FE-3D44BBEFB439}.Release|Any CPU.ActiveCfg = Release|Any CPU
		{872C5C74-6D67-4EA4-A4FE-3D44BBEFB439}.Release|Any CPU.Build.0 = Release|Any CPU
		{345DF554-E69B-4C8A-AD7A-8C1D90F09E6C}.Debug|Any CPU.ActiveCfg = Debug|Any CPU
		{345DF554-E69B-4C8A-AD7A-8C1D90F09E6C}.Debug|Any CPU.Build.0 = Debug|Any CPU
		{345DF554-E69B-4C8A-AD7A-8C1D90F09E6C}.Release|Any CPU.ActiveCfg = Release|Any CPU
		{345DF554-E69B-4C8A-AD7A-8C1D90F09E6C}.Release|Any CPU.Build.0 = Release|Any CPU
		{16151F5D-4C5F-430C-9FFB-390DC5F6A06D}.Debug|Any CPU.ActiveCfg = Debug|Any CPU
		{16151F5D-4C5F-430C-9FFB-390DC5F6A06D}.Debug|Any CPU.Build.0 = Debug|Any CPU
		{16151F5D-4C5F-430C-9FFB-390DC5F6A06D}.Release|Any CPU.ActiveCfg = Release|Any CPU
		{16151F5D-4C5F-430C-9FFB-390DC5F6A06D}.Release|Any CPU.Build.0 = Release|Any CPU
		{DF1C57A7-ED00-4666-8058-1B34D68EDE9D}.Debug|Any CPU.ActiveCfg = Debug|Any CPU
		{DF1C57A7-ED00-4666-8058-1B34D68EDE9D}.Debug|Any CPU.Build.0 = Debug|Any CPU
		{DF1C57A7-ED00-4666-8058-1B34D68EDE9D}.Release|Any CPU.ActiveCfg = Release|Any CPU
		{DF1C57A7-ED00-4666-8058-1B34D68EDE9D}.Release|Any CPU.Build.0 = Release|Any CPU
		{869DD1A9-DFF4-4710-B668-E03582D906F3}.Debug|Any CPU.ActiveCfg = Debug|Any CPU
		{869DD1A9-DFF4-4710-B668-E03582D906F3}.Debug|Any CPU.Build.0 = Debug|Any CPU
		{869DD1A9-DFF4-4710-B668-E03582D906F3}.Release|Any CPU.ActiveCfg = Release|Any CPU
		{869DD1A9-DFF4-4710-B668-E03582D906F3}.Release|Any CPU.Build.0 = Release|Any CPU
		{BCD45063-7C12-4081-BED3-613AE1BA19E7}.Debug|Any CPU.ActiveCfg = Debug|Any CPU
		{BCD45063-7C12-4081-BED3-613AE1BA19E7}.Debug|Any CPU.Build.0 = Debug|Any CPU
		{BCD45063-7C12-4081-BED3-613AE1BA19E7}.Release|Any CPU.ActiveCfg = Release|Any CPU
		{BCD45063-7C12-4081-BED3-613AE1BA19E7}.Release|Any CPU.Build.0 = Release|Any CPU
		{09531FA1-4CE3-4C13-B3FE-444742360B6C}.Debug|Any CPU.ActiveCfg = Debug|Any CPU
		{09531FA1-4CE3-4C13-B3FE-444742360B6C}.Debug|Any CPU.Build.0 = Debug|Any CPU
		{09531FA1-4CE3-4C13-B3FE-444742360B6C}.Release|Any CPU.ActiveCfg = Release|Any CPU
		{09531FA1-4CE3-4C13-B3FE-444742360B6C}.Release|Any CPU.Build.0 = Release|Any CPU
		{A020D43A-7506-4BEB-BA46-D6CA831346B8}.Debug|Any CPU.ActiveCfg = Debug|Any CPU
		{A020D43A-7506-4BEB-BA46-D6CA831346B8}.Debug|Any CPU.Build.0 = Debug|Any CPU
		{A020D43A-7506-4BEB-BA46-D6CA831346B8}.Release|Any CPU.ActiveCfg = Release|Any CPU
		{A020D43A-7506-4BEB-BA46-D6CA831346B8}.Release|Any CPU.Build.0 = Release|Any CPU
		{7B1C63B0-89F8-4266-8D6A-2D1CA65A5582}.Debug|Any CPU.ActiveCfg = Debug|Any CPU
		{7B1C63B0-89F8-4266-8D6A-2D1CA65A5582}.Debug|Any CPU.Build.0 = Debug|Any CPU
		{7B1C63B0-89F8-4266-8D6A-2D1CA65A5582}.Release|Any CPU.ActiveCfg = Release|Any CPU
		{7B1C63B0-89F8-4266-8D6A-2D1CA65A5582}.Release|Any CPU.Build.0 = Release|Any CPU
	EndGlobalSection
	GlobalSection(SolutionProperties) = preSolution
		HideSolutionNode = FALSE
	EndGlobalSection
	GlobalSection(ExtensibilityGlobals) = postSolution
		SolutionGuid = {B832EA23-8357-4ED1-A0EA-564C423DD639}
	EndGlobalSection
EndGlobal
