
Microsoft Visual Studio Solution File, Format Version 12.00
# Visual Studio 15
VisualStudioVersion = 15.0.27004.2002
MinimumVisualStudioVersion = 10.0.40219.1
Project("{FAE04EC0-301F-11D3-BF4B-00C04F79EFBC}") = "Jack", "Jack\Jack.csproj", "{65319014-C024-4EF3-97A0-D8B48CC08347}"
EndProject
Project("{FAE04EC0-301F-11D3-BF4B-00C04F79EFBC}") = "Jack.LongPoll", "Jack.LongPoll\Jack.LongPoll.csproj", "{F1301799-732F-4615-AA90-E0CD156882BD}"
EndProject
Project("{FAE04EC0-301F-11D3-BF4B-00C04F79EFBC}") = "Jack.Models", "Jack.Models\Jack.Models.csproj", "{872C5C74-6D67-4EA4-A4FE-3D44BBEFB439}"
EndProject
Global
	GlobalSection(SolutionConfigurationPlatforms) = preSolution
		Debug|Any CPU = Debug|Any CPU
		Release|Any CPU = Release|Any CPU
	EndGlobalSection
	GlobalSection(ProjectConfigurationPlatforms) = postSolution
		{65319014-C024-4EF3-97A0-D8B48CC08347}.Debug|Any CPU.ActiveCfg = Debug|Any CPU
		{65319014-C024-4EF3-97A0-D8B48CC08347}.Debug|Any CPU.Build.0 = Debug|Any CPU
		{65319014-C024-4EF3-97A0-D8B48CC08347}.Release|Any CPU.ActiveCfg = Release|Any CPU
		{65319014-C024-4EF3-97A0-D8B48CC08347}.Release|Any CPU.Build.0 = Release|Any CPU
		{F1301799-732F-4615-AA90-E0CD156882BD}.Debug|Any CPU.ActiveCfg = Debug|Any CPU
		{F1301799-732F-4615-AA90-E0CD156882BD}.Debug|Any CPU.Build.0 = Debug|Any CPU
		{F1301799-732F-4615-AA90-E0CD156882BD}.Release|Any CPU.ActiveCfg = Release|Any CPU
		{F1301799-732F-4615-AA90-E0CD156882BD}.Release|Any CPU.Build.0 = Release|Any CPU
		{872C5C74-6D67-4EA4-A4FE-3D44BBEFB439}.Debug|Any CPU.ActiveCfg = Debug|Any CPU
		{872C5C74-6D67-4EA4-A4FE-3D44BBEFB439}.Debug|Any CPU.Build.0 = Debug|Any CPU
		{872C5C74-6D67-4EA4-A4FE-3D44BBEFB439}.Release|Any CPU.ActiveCfg = Release|Any CPU
		{872C5C74-6D67-4EA4-A4FE-3D44BBEFB439}.Release|Any CPU.Build.0 = Release|Any CPU
	EndGlobalSection
	GlobalSection(SolutionProperties) = preSolution
		HideSolutionNode = FALSE
	EndGlobalSection
	GlobalSection(ExtensibilityGlobals) = postSolution
		SolutionGuid = {B832EA23-8357-4ED1-A0EA-564C423DD639}
	EndGlobalSection
EndGlobal
